# This file is automatically @generated by Cargo.
# It is not intended for manual editing.
[[package]]
name = "block-buffer"
version = "0.7.3"
source = "registry+https://github.com/rust-lang/crates.io-index"
dependencies = [
 "block-padding 0.1.5 (registry+https://github.com/rust-lang/crates.io-index)",
 "byte-tools 0.3.1 (registry+https://github.com/rust-lang/crates.io-index)",
 "byteorder 1.4.3 (registry+https://github.com/rust-lang/crates.io-index)",
 "generic-array 0.12.4 (registry+https://github.com/rust-lang/crates.io-index)",
]

[[package]]
name = "block-padding"
version = "0.1.5"
source = "registry+https://github.com/rust-lang/crates.io-index"
dependencies = [
 "byte-tools 0.3.1 (registry+https://github.com/rust-lang/crates.io-index)",
]

[[package]]
name = "bp-perm"
version = "0.1.0"
dependencies = [
 "bulletproofs 2.0.0 (registry+https://github.com/rust-lang/crates.io-index)",
]

[[package]]
name = "bulletproofs"
version = "2.0.0"
source = "registry+https://github.com/rust-lang/crates.io-index"
dependencies = [
 "byteorder 1.4.3 (registry+https://github.com/rust-lang/crates.io-index)",
 "clear_on_drop 0.2.5 (registry+https://github.com/rust-lang/crates.io-index)",
 "curve25519-dalek 2.1.3 (registry+https://github.com/rust-lang/crates.io-index)",
 "digest 0.8.1 (registry+https://github.com/rust-lang/crates.io-index)",
 "merlin 2.0.1 (registry+https://github.com/rust-lang/crates.io-index)",
 "rand 0.7.3 (registry+https://github.com/rust-lang/crates.io-index)",
 "rand_core 0.5.1 (registry+https://github.com/rust-lang/crates.io-index)",
 "serde 1.0.152 (registry+https://github.com/rust-lang/crates.io-index)",
 "serde_derive 1.0.152 (registry+https://github.com/rust-lang/crates.io-index)",
 "sha3 0.8.2 (registry+https://github.com/rust-lang/crates.io-index)",
 "subtle 2.4.1 (registry+https://github.com/rust-lang/crates.io-index)",
 "thiserror 1.0.38 (registry+https://github.com/rust-lang/crates.io-index)",
]

[[package]]
name = "byte-tools"
version = "0.3.1"
source = "registry+https://github.com/rust-lang/crates.io-index"

[[package]]
name = "byteorder"
version = "1.4.3"
source = "registry+https://github.com/rust-lang/crates.io-index"

[[package]]
name = "cc"
version = "1.0.78"
source = "registry+https://github.com/rust-lang/crates.io-index"

[[package]]
name = "cfg-if"
version = "1.0.0"
source = "registry+https://github.com/rust-lang/crates.io-index"

[[package]]
name = "clear_on_drop"
version = "0.2.5"
source = "registry+https://github.com/rust-lang/crates.io-index"
dependencies = [
 "cc 1.0.78 (registry+https://github.com/rust-lang/crates.io-index)",
]

[[package]]
name = "cpufeatures"
version = "0.2.5"
source = "registry+https://github.com/rust-lang/crates.io-index"
dependencies = [
 "libc 0.2.139 (registry+https://github.com/rust-lang/crates.io-index)",
]

[[package]]
name = "curve25519-dalek"
version = "2.1.3"
source = "registry+https://github.com/rust-lang/crates.io-index"
dependencies = [
 "byteorder 1.4.3 (registry+https://github.com/rust-lang/crates.io-index)",
 "digest 0.8.1 (registry+https://github.com/rust-lang/crates.io-index)",
 "packed_simd_2 0.3.8 (registry+https://github.com/rust-lang/crates.io-index)",
 "rand_core 0.5.1 (registry+https://github.com/rust-lang/crates.io-index)",
 "serde 1.0.152 (registry+https://github.com/rust-lang/crates.io-index)",
 "subtle 2.4.1 (registry+https://github.com/rust-lang/crates.io-index)",
 "zeroize 1.5.7 (registry+https://github.com/rust-lang/crates.io-index)",
]

[[package]]
name = "digest"
version = "0.8.1"
source = "registry+https://github.com/rust-lang/crates.io-index"
dependencies = [
 "generic-array 0.12.4 (registry+https://github.com/rust-lang/crates.io-index)",
]

[[package]]
name = "generic-array"
version = "0.12.4"
source = "registry+https://github.com/rust-lang/crates.io-index"
dependencies = [
 "typenum 1.16.0 (registry+https://github.com/rust-lang/crates.io-index)",
]

[[package]]
name = "getrandom"
version = "0.1.16"
source = "registry+https://github.com/rust-lang/crates.io-index"
dependencies = [
 "cfg-if 1.0.0 (registry+https://github.com/rust-lang/crates.io-index)",
 "libc 0.2.139 (registry+https://github.com/rust-lang/crates.io-index)",
 "wasi 0.9.0+wasi-snapshot-preview1 (registry+https://github.com/rust-lang/crates.io-index)",
]

[[package]]
name = "keccak"
version = "0.1.3"
source = "registry+https://github.com/rust-lang/crates.io-index"
dependencies = [
 "cpufeatures 0.2.5 (registry+https://github.com/rust-lang/crates.io-index)",
]

[[package]]
name = "libc"
version = "0.2.139"
source = "registry+https://github.com/rust-lang/crates.io-index"

[[package]]
name = "libm"
version = "0.1.4"
source = "registry+https://github.com/rust-lang/crates.io-index"

[[package]]
name = "merlin"
version = "2.0.1"
source = "registry+https://github.com/rust-lang/crates.io-index"
dependencies = [
 "byteorder 1.4.3 (registry+https://github.com/rust-lang/crates.io-index)",
 "keccak 0.1.3 (registry+https://github.com/rust-lang/crates.io-index)",
 "rand_core 0.5.1 (registry+https://github.com/rust-lang/crates.io-index)",
 "zeroize 1.5.7 (registry+https://github.com/rust-lang/crates.io-index)",
]

[[package]]
name = "opaque-debug"
version = "0.2.3"
source = "registry+https://github.com/rust-lang/crates.io-index"

[[package]]
name = "packed_simd_2"
version = "0.3.8"
source = "registry+https://github.com/rust-lang/crates.io-index"
dependencies = [
 "cfg-if 1.0.0 (registry+https://github.com/rust-lang/crates.io-index)",
 "libm 0.1.4 (registry+https://github.com/rust-lang/crates.io-index)",
]

[[package]]
name = "ppv-lite86"
version = "0.2.17"
source = "registry+https://github.com/rust-lang/crates.io-index"

[[package]]
name = "proc-macro2"
version = "1.0.49"
source = "registry+https://github.com/rust-lang/crates.io-index"
dependencies = [
 "unicode-ident 1.0.6 (registry+https://github.com/rust-lang/crates.io-index)",
]

[[package]]
name = "quote"
version = "1.0.23"
source = "registry+https://github.com/rust-lang/crates.io-index"
dependencies = [
 "proc-macro2 1.0.49 (registry+https://github.com/rust-lang/crates.io-index)",
]

[[package]]
name = "rand"
version = "0.7.3"
source = "registry+https://github.com/rust-lang/crates.io-index"
dependencies = [
 "getrandom 0.1.16 (registry+https://github.com/rust-lang/crates.io-index)",
 "libc 0.2.139 (registry+https://github.com/rust-lang/crates.io-index)",
 "rand_chacha 0.2.2 (registry+https://github.com/rust-lang/crates.io-index)",
 "rand_core 0.5.1 (registry+https://github.com/rust-lang/crates.io-index)",
 "rand_hc 0.2.0 (registry+https://github.com/rust-lang/crates.io-index)",
]

[[package]]
name = "rand_chacha"
version = "0.2.2"
source = "registry+https://github.com/rust-lang/crates.io-index"
dependencies = [
 "ppv-lite86 0.2.17 (registry+https://github.com/rust-lang/crates.io-index)",
 "rand_core 0.5.1 (registry+https://github.com/rust-lang/crates.io-index)",
]

[[package]]
name = "rand_core"
version = "0.5.1"
source = "registry+https://github.com/rust-lang/crates.io-index"
dependencies = [
 "getrandom 0.1.16 (registry+https://github.com/rust-lang/crates.io-index)",
]

[[package]]
name = "rand_hc"
version = "0.2.0"
source = "registry+https://github.com/rust-lang/crates.io-index"
dependencies = [
 "rand_core 0.5.1 (registry+https://github.com/rust-lang/crates.io-index)",
]

[[package]]
name = "serde"
version = "1.0.152"
source = "registry+https://github.com/rust-lang/crates.io-index"
dependencies = [
 "serde_derive 1.0.152 (registry+https://github.com/rust-lang/crates.io-index)",
]

[[package]]
name = "serde_derive"
version = "1.0.152"
source = "registry+https://github.com/rust-lang/crates.io-index"
dependencies = [
 "proc-macro2 1.0.49 (registry+https://github.com/rust-lang/crates.io-index)",
 "quote 1.0.23 (registry+https://github.com/rust-lang/crates.io-index)",
 "syn 1.0.107 (registry+https://github.com/rust-lang/crates.io-index)",
]

[[package]]
name = "sha3"
version = "0.8.2"
source = "registry+https://github.com/rust-lang/crates.io-index"
dependencies = [
 "block-buffer 0.7.3 (registry+https://github.com/rust-lang/crates.io-index)",
 "byte-tools 0.3.1 (registry+https://github.com/rust-lang/crates.io-index)",
 "digest 0.8.1 (registry+https://github.com/rust-lang/crates.io-index)",
 "keccak 0.1.3 (registry+https://github.com/rust-lang/crates.io-index)",
 "opaque-debug 0.2.3 (registry+https://github.com/rust-lang/crates.io-index)",
]

[[package]]
name = "subtle"
version = "2.4.1"
source = "registry+https://github.com/rust-lang/crates.io-index"

[[package]]
name = "syn"
version = "1.0.107"
source = "registry+https://github.com/rust-lang/crates.io-index"
dependencies = [
 "proc-macro2 1.0.49 (registry+https://github.com/rust-lang/crates.io-index)",
 "quote 1.0.23 (registry+https://github.com/rust-lang/crates.io-index)",
 "unicode-ident 1.0.6 (registry+https://github.com/rust-lang/crates.io-index)",
]

[[package]]
name = "synstructure"
version = "0.12.6"
source = "registry+https://github.com/rust-lang/crates.io-index"
dependencies = [
 "proc-macro2 1.0.49 (registry+https://github.com/rust-lang/crates.io-index)",
 "quote 1.0.23 (registry+https://github.com/rust-lang/crates.io-index)",
 "syn 1.0.107 (registry+https://github.com/rust-lang/crates.io-index)",
 "unicode-xid 0.2.4 (registry+https://github.com/rust-lang/crates.io-index)",
]

[[package]]
name = "thiserror"
version = "1.0.38"
source = "registry+https://github.com/rust-lang/crates.io-index"
dependencies = [
 "thiserror-impl 1.0.38 (registry+https://github.com/rust-lang/crates.io-index)",
]

[[package]]
name = "thiserror-impl"
version = "1.0.38"
source = "registry+https://github.com/rust-lang/crates.io-index"
dependencies = [
 "proc-macro2 1.0.49 (registry+https://github.com/rust-lang/crates.io-index)",
 "quote 1.0.23 (registry+https://github.com/rust-lang/crates.io-index)",
 "syn 1.0.107 (registry+https://github.com/rust-lang/crates.io-index)",
]

[[package]]
name = "typenum"
version = "1.16.0"
source = "registry+https://github.com/rust-lang/crates.io-index"

[[package]]
name = "unicode-ident"
version = "1.0.6"
source = "registry+https://github.com/rust-lang/crates.io-index"

[[package]]
name = "unicode-xid"
version = "0.2.4"
source = "registry+https://github.com/rust-lang/crates.io-index"

[[package]]
name = "wasi"
version = "0.9.0+wasi-snapshot-preview1"
source = "registry+https://github.com/rust-lang/crates.io-index"

[[package]]
name = "zeroize"
version = "1.5.7"
source = "registry+https://github.com/rust-lang/crates.io-index"
dependencies = [
 "zeroize_derive 1.3.3 (registry+https://github.com/rust-lang/crates.io-index)",
]

[[package]]
name = "zeroize_derive"
version = "1.3.3"
source = "registry+https://github.com/rust-lang/crates.io-index"
dependencies = [
 "proc-macro2 1.0.49 (registry+https://github.com/rust-lang/crates.io-index)",
 "quote 1.0.23 (registry+https://github.com/rust-lang/crates.io-index)",
 "syn 1.0.107 (registry+https://github.com/rust-lang/crates.io-index)",
 "synstructure 0.12.6 (registry+https://github.com/rust-lang/crates.io-index)",
]

[metadata]
"checksum block-buffer 0.7.3 (registry+https://github.com/rust-lang/crates.io-index)" = "c0940dc441f31689269e10ac70eb1002a3a1d3ad1390e030043662eb7fe4688b"
"checksum block-padding 0.1.5 (registry+https://github.com/rust-lang/crates.io-index)" = "fa79dedbb091f449f1f39e53edf88d5dbe95f895dae6135a8d7b881fb5af73f5"
"checksum bulletproofs 2.0.0 (registry+https://github.com/rust-lang/crates.io-index)" = "69e6731420b125f0300427b4f7d146a7c161b02801c126bed8b66c8e1340f574"
"checksum byte-tools 0.3.1 (registry+https://github.com/rust-lang/crates.io-index)" = "e3b5ca7a04898ad4bcd41c90c5285445ff5b791899bb1b0abdd2a2aa791211d7"
"checksum byteorder 1.4.3 (registry+https://github.com/rust-lang/crates.io-index)" = "14c189c53d098945499cdfa7ecc63567cf3886b3332b312a5b4585d8d3a6a610"
"checksum cc 1.0.78 (registry+https://github.com/rust-lang/crates.io-index)" = "a20104e2335ce8a659d6dd92a51a767a0c062599c73b343fd152cb401e828c3d"
"checksum cfg-if 1.0.0 (registry+https://github.com/rust-lang/crates.io-index)" = "baf1de4339761588bc0619e3cbc0120ee582ebb74b53b4efbf79117bd2da40fd"
"checksum clear_on_drop 0.2.5 (registry+https://github.com/rust-lang/crates.io-index)" = "38508a63f4979f0048febc9966fadbd48e5dab31fd0ec6a3f151bbf4a74f7423"
"checksum cpufeatures 0.2.5 (registry+https://github.com/rust-lang/crates.io-index)" = "28d997bd5e24a5928dd43e46dc529867e207907fe0b239c3477d924f7f2ca320"
"checksum curve25519-dalek 2.1.3 (registry+https://github.com/rust-lang/crates.io-index)" = "4a9b85542f99a2dfa2a1b8e192662741c9859a846b296bef1c92ef9b58b5a216"
"checksum digest 0.8.1 (registry+https://github.com/rust-lang/crates.io-index)" = "f3d0c8c8752312f9713efd397ff63acb9f85585afbf179282e720e7704954dd5"
"checksum generic-array 0.12.4 (registry+https://github.com/rust-lang/crates.io-index)" = "ffdf9f34f1447443d37393cc6c2b8313aebddcd96906caf34e54c68d8e57d7bd"
"checksum getrandom 0.1.16 (registry+https://github.com/rust-lang/crates.io-index)" = "8fc3cb4d91f53b50155bdcfd23f6a4c39ae1969c2ae85982b135750cccaf5fce"
"checksum keccak 0.1.3 (registry+https://github.com/rust-lang/crates.io-index)" = "3afef3b6eff9ce9d8ff9b3601125eec7f0c8cbac7abd14f355d053fa56c98768"
"checksum libc 0.2.139 (registry+https://github.com/rust-lang/crates.io-index)" = "201de327520df007757c1f0adce6e827fe8562fbc28bfd9c15571c66ca1f5f79"
"checksum libm 0.1.4 (registry+https://github.com/rust-lang/crates.io-index)" = "7fc7aa29613bd6a620df431842069224d8bc9011086b1db4c0e0cd47fa03ec9a"
"checksum merlin 2.0.1 (registry+https://github.com/rust-lang/crates.io-index)" = "4e261cf0f8b3c42ded9f7d2bb59dea03aa52bc8a1cbc7482f9fc3fd1229d3b42"
"checksum opaque-debug 0.2.3 (registry+https://github.com/rust-lang/crates.io-index)" = "2839e79665f131bdb5782e51f2c6c9599c133c6098982a54c794358bf432529c"
"checksum packed_simd_2 0.3.8 (registry+https://github.com/rust-lang/crates.io-index)" = "a1914cd452d8fccd6f9db48147b29fd4ae05bea9dc5d9ad578509f72415de282"
"checksum ppv-lite86 0.2.17 (registry+https://github.com/rust-lang/crates.io-index)" = "5b40af805b3121feab8a3c29f04d8ad262fa8e0561883e7653e024ae4479e6de"
"checksum proc-macro2 1.0.49 (registry+https://github.com/rust-lang/crates.io-index)" = "57a8eca9f9c4ffde41714334dee777596264c7825420f521abc92b5b5deb63a5"
"checksum quote 1.0.23 (registry+https://github.com/rust-lang/crates.io-index)" = "8856d8364d252a14d474036ea1358d63c9e6965c8e5c1885c18f73d70bff9c7b"
"checksum rand 0.7.3 (registry+https://github.com/rust-lang/crates.io-index)" = "6a6b1679d49b24bbfe0c803429aa1874472f50d9b363131f0e89fc356b544d03"
"checksum rand_chacha 0.2.2 (registry+https://github.com/rust-lang/crates.io-index)" = "f4c8ed856279c9737206bf725bf36935d8666ead7aa69b52be55af369d193402"
"checksum rand_core 0.5.1 (registry+https://github.com/rust-lang/crates.io-index)" = "90bde5296fc891b0cef12a6d03ddccc162ce7b2aff54160af9338f8d40df6d19"
"checksum rand_hc 0.2.0 (registry+https://github.com/rust-lang/crates.io-index)" = "ca3129af7b92a17112d59ad498c6f81eaf463253766b90396d39ea7a39d6613c"
"checksum serde 1.0.152 (registry+https://github.com/rust-lang/crates.io-index)" = "bb7d1f0d3021d347a83e556fc4683dea2ea09d87bccdf88ff5c12545d89d5efb"
"checksum serde_derive 1.0.152 (registry+https://github.com/rust-lang/crates.io-index)" = "af487d118eecd09402d70a5d72551860e788df87b464af30e5ea6a38c75c541e"
"checksum sha3 0.8.2 (registry+https://github.com/rust-lang/crates.io-index)" = "dd26bc0e7a2e3a7c959bc494caf58b72ee0c71d67704e9520f736ca7e4853ecf"
"checksum subtle 2.4.1 (registry+https://github.com/rust-lang/crates.io-index)" = "6bdef32e8150c2a081110b42772ffe7d7c9032b606bc226c8260fd97e0976601"
"checksum syn 1.0.107 (registry+https://github.com/rust-lang/crates.io-index)" = "1f4064b5b16e03ae50984a5a8ed5d4f8803e6bc1fd170a3cda91a1be4b18e3f5"
"checksum synstructure 0.12.6 (registry+https://github.com/rust-lang/crates.io-index)" = "f36bdaa60a83aca3921b5259d5400cbf5e90fc51931376a9bd4a0eb79aa7210f"
"checksum thiserror 1.0.38 (registry+https://github.com/rust-lang/crates.io-index)" = "6a9cd18aa97d5c45c6603caea1da6628790b37f7a34b6ca89522331c5180fed0"
"checksum thiserror-impl 1.0.38 (registry+https://github.com/rust-lang/crates.io-index)" = "1fb327af4685e4d03fa8cbcf1716380da910eeb2bb8be417e7f9fd3fb164f36f"
"checksum typenum 1.16.0 (registry+https://github.com/rust-lang/crates.io-index)" = "497961ef93d974e23eb6f433eb5fe1b7930b659f06d12dec6fc44a8f554c0bba"
"checksum unicode-ident 1.0.6 (registry+https://github.com/rust-lang/crates.io-index)" = "84a22b9f218b40614adcb3f4ff08b703773ad44fa9423e4e0d346d5db86e4ebc"
"checksum unicode-xid 0.2.4 (registry+https://github.com/rust-lang/crates.io-index)" = "f962df74c8c05a667b5ee8bcf162993134c104e96440b663c8daa176dc772d8c"
"checksum wasi 0.9.0+wasi-snapshot-preview1 (registry+https://github.com/rust-lang/crates.io-index)" = "cccddf32554fecc6acb585f82a32a72e28b48f8c4c1883ddfeeeaa96f7d8e519"
"checksum zeroize 1.5.7 (registry+https://github.com/rust-lang/crates.io-index)" = "c394b5bd0c6f669e7275d9c20aa90ae064cb22e75a1cad54e1b34088034b149f"
"checksum zeroize_derive 1.3.3 (registry+https://github.com/rust-lang/crates.io-index)" = "44bf07cb3e50ea2003396695d58bf46bc9887a1f362260446fad6bc4e79bd36c"
